
Microsoft Visual Studio Solution File, Format Version 12.00
# Visual Studio Version 16
VisualStudioVersion = 16.0.34301.259
MinimumVisualStudioVersion = 10.0.40219.1
Project("{FAE04EC0-301F-11D3-BF4B-00C04F79EFBC}") = "quickSort", "quickSort\quickSort.csproj", "{33695390-145A-4ADA-831E-6A193FDF0DCE}"
EndProject
Global
	GlobalSection(SolutionConfigurationPlatforms) = preSolution
		Debug|Any CPU = Debug|Any CPU
		Release|Any CPU = Release|Any CPU
	EndGlobalSection
	GlobalSection(ProjectConfigurationPlatforms) = postSolution
		{33695390-145A-4ADA-831E-6A193FDF0DCE}.Debug|Any CPU.ActiveCfg = Debug|Any CPU
		{33695390-145A-4ADA-831E-6A193FDF0DCE}.Debug|Any CPU.Build.0 = Debug|Any CPU
		{33695390-145A-4ADA-831E-6A193FDF0DCE}.Release|Any CPU.ActiveCfg = Release|Any CPU
		{33695390-145A-4ADA-831E-6A193FDF0DCE}.Release|Any CPU.Build.0 = Release|Any CPU
	EndGlobalSection
	GlobalSection(SolutionProperties) = preSolution
		HideSolutionNode = FALSE
	EndGlobalSection
	GlobalSection(ExtensibilityGlobals) = postSolution
		SolutionGuid = {0F110A2E-D712-4E8D-A8E5-B9FDF73B5240}
	EndGlobalSection
EndGlobal
